{
  "name": "tillhome",
  "version": "1.0.0",
  "lockfileVersion": 3,
  "requires": true,
  "packages": {
    "": {
      "name": "tillhome",
      "version": "1.0.0",
      "devDependencies": {
        "@types/node": "^24.5.2",
        "typescript": "~6.0.2",
        "vite": "^8.2.2",
        "yaml": "^2.8.1"
      }
    }
  }
}
